
Microsoft Visual Studio Solution File, Format Version 12.00
# Visual Studio 15
VisualStudioVersion = 15.0.27703.2026
MinimumVisualStudioVersion = 10.0.40219.1
Project("{FAE04EC0-301F-11D3-BF4B-00C04F79EFBC}") = "Add Update Delete", "Add Update Delete\Add Update Delete.csproj", "{E4A01EB0-8B5A-4E8F-A88C-6EB98FE8C396}"
EndProject
Global
	GlobalSection(SolutionConfigurationPlatforms) = preSolution
		Debug|Any CPU = Debug|Any CPU
		Release|Any CPU = Release|Any CPU
	EndGlobalSection
	GlobalSection(ProjectConfigurationPlatforms) = postSolution
		{E4A01EB0-8B5A-4E8F-A88C-6EB98FE8C396}.Debug|Any CPU.ActiveCfg = Debug|Any CPU
		{E4A01EB0-8B5A-4E8F-A88C-6EB98FE8C396}.Debug|Any CPU.Build.0 = Debug|Any CPU
		{E4A01EB0-8B5A-4E8F-A88C-6EB98FE8C396}.Release|Any CPU.ActiveCfg = Release|Any CPU
		{E4A01EB0-8B5A-4E8F-A88C-6EB98FE8C396}.Release|Any CPU.Build.0 = Release|Any CPU
	EndGlobalSection
	GlobalSection(SolutionProperties) = preSolution
		HideSolutionNode = FALSE
	EndGlobalSection
	GlobalSection(ExtensibilityGlobals) = postSolution
		SolutionGuid = {EDA50583-600A-4035-BC3D-99265BE05C08}
	EndGlobalSection
EndGlobal
